
Microsoft Visual Studio Solution File, Format Version 12.00
# Visual Studio Version 16
VisualStudioVersion = 16.0.32126.315
MinimumVisualStudioVersion = 10.0.40219.1
Project("{FAE04EC0-301F-11D3-BF4B-00C04F79EFBC}") = "Cinema", "Cinema\Cinema.csproj", "{17483E99-5DBE-4E68-82E6-6900D66EE36A}"
EndProject
Project("{FAE04EC0-301F-11D3-BF4B-00C04F79EFBC}") = "Summer Outfit", "Summer Outfit\Summer Outfit.csproj", "{5FA7D0F5-2E37-447C-8F08-09E214CB63FA}"
EndProject
Project("{FAE04EC0-301F-11D3-BF4B-00C04F79EFBC}") = "New House", "New House\New House.csproj", "{268B4EC7-C300-40FB-9F9E-D6CEEE6F7814}"
EndProject
Project("{FAE04EC0-301F-11D3-BF4B-00C04F79EFBC}") = "Fishing Boat", "Fishing Boat\Fishing Boat.csproj", "{D603F35C-A247-495A-B7B1-F6C76D5DCF6B}"
EndProject
Project("{FAE04EC0-301F-11D3-BF4B-00C04F79EFBC}") = "Journey", "Journey\Journey.csproj", "{E8ADF655-3095-4066-B775-7EC9D96CCABF}"
EndProject
Project("{FAE04EC0-301F-11D3-BF4B-00C04F79EFBC}") = "Operations Between Numbers", "Operations Between Numbers\Operations Between Numbers.csproj", "{AFBC36F7-C8BE-4100-90E6-61A4885BD0FB}"
EndProject
Project("{FAE04EC0-301F-11D3-BF4B-00C04F79EFBC}") = "Hotel Room", "Hotel Room\Hotel Room.csproj", "{B23DE6B2-5CF0-478F-9067-284A21DBF552}"
EndProject
Project("{FAE04EC0-301F-11D3-BF4B-00C04F79EFBC}") = "On Time for the Exam", "On Time for the Exam\On Time for the Exam.csproj", "{F1F5F227-5524-4ED4-8A92-04B677EB5AAE}"
EndProject
Project("{FAE04EC0-301F-11D3-BF4B-00C04F79EFBC}") = "Ski Trip", "Ski Trip\Ski Trip.csproj", "{A167E2AF-6D7B-40FA-8172-40E2BDAA1B8C}"
EndProject
Global
	GlobalSection(SolutionConfigurationPlatforms) = preSolution
		Debug|Any CPU = Debug|Any CPU
		Release|Any CPU = Release|Any CPU
	EndGlobalSection
	GlobalSection(ProjectConfigurationPlatforms) = postSolution
		{17483E99-5DBE-4E68-82E6-6900D66EE36A}.Debug|Any CPU.ActiveCfg = Debug|Any CPU
		{17483E99-5DBE-4E68-82E6-6900D66EE36A}.Debug|Any CPU.Build.0 = Debug|Any CPU
		{17483E99-5DBE-4E68-82E6-6900D66EE36A}.Release|Any CPU.ActiveCfg = Release|Any CPU
		{17483E99-5DBE-4E68-82E6-6900D66EE36A}.Release|Any CPU.Build.0 = Release|Any CPU
		{5FA7D0F5-2E37-447C-8F08-09E214CB63FA}.Debug|Any CPU.ActiveCfg = Debug|Any CPU
		{5FA7D0F5-2E37-447C-8F08-09E214CB63FA}.Debug|Any CPU.Build.0 = Debug|Any CPU
		{5FA7D0F5-2E37-447C-8F08-09E214CB63FA}.Release|Any CPU.ActiveCfg = Release|Any CPU
		{5FA7D0F5-2E37-447C-8F08-09E214CB63FA}.Release|Any CPU.Build.0 = Release|Any CPU
		{268B4EC7-C300-40FB-9F9E-D6CEEE6F7814}.Debug|Any CPU.ActiveCfg = Debug|Any CPU
		{268B4EC7-C300-40FB-9F9E-D6CEEE6F7814}.Debug|Any CPU.Build.0 = Debug|Any CPU
		{268B4EC7-C300-40FB-9F9E-D6CEEE6F7814}.Release|Any CPU.ActiveCfg = Release|Any CPU
		{268B4EC7-C300-40FB-9F9E-D6CEEE6F7814}.Release|Any CPU.Build.0 = Release|Any CPU
		{D603F35C-A247-495A-B7B1-F6C76D5DCF6B}.Debug|Any CPU.ActiveCfg = Debug|Any CPU
		{D603F35C-A247-495A-B7B1-F6C76D5DCF6B}.Debug|Any CPU.Build.0 = Debug|Any CPU
		{D603F35C-A247-495A-B7B1-F6C76D5DCF6B}.Release|Any CPU.ActiveCfg = Release|Any CPU
		{D603F35C-A247-495A-B7B1-F6C76D5DCF6B}.Release|Any CPU.Build.0 = Release|Any CPU
		{E8ADF655-3095-4066-B775-7EC9D96CCABF}.Debug|Any CPU.ActiveCfg = Debug|Any CPU
		{E8ADF655-3095-4066-B775-7EC9D96CCABF}.Debug|Any CPU.Build.0 = Debug|Any CPU
		{E8ADF655-3095-4066-B775-7EC9D96CCABF}.Release|Any CPU.ActiveCfg = Release|Any CPU
		{E8ADF655-3095-4066-B775-7EC9D96CCABF}.Release|Any CPU.Build.0 = Release|Any CPU
		{AFBC36F7-C8BE-4100-90E6-61A4885BD0FB}.Debug|Any CPU.ActiveCfg = Debug|Any CPU
		{AFBC36F7-C8BE-4100-90E6-61A4885BD0FB}.Debug|Any CPU.Build.0 = Debug|Any CPU
		{AFBC36F7-C8BE-4100-90E6-61A4885BD0FB}.Release|Any CPU.ActiveCfg = Release|Any CPU
		{AFBC36F7-C8BE-4100-90E6-61A4885BD0FB}.Release|Any CPU.Build.0 = Release|Any CPU
		{B23DE6B2-5CF0-478F-9067-284A21DBF552}.Debug|Any CPU.ActiveCfg = Debug|Any CPU
		{B23DE6B2-5CF0-478F-9067-284A21DBF552}.Debug|Any CPU.Build.0 = Debug|Any CPU
		{B23DE6B2-5CF0-478F-9067-284A21DBF552}.Release|Any CPU.ActiveCfg = Release|Any CPU
		{B23DE6B2-5CF0-478F-9067-284A21DBF552}.Release|Any CPU.Build.0 = Release|Any CPU
		{F1F5F227-5524-4ED4-8A92-04B677EB5AAE}.Debug|Any CPU.ActiveCfg = Debug|Any CPU
		{F1F5F227-5524-4ED4-8A92-04B677EB5AAE}.Debug|Any CPU.Build.0 = Debug|Any CPU
		{F1F5F227-5524-4ED4-8A92-04B677EB5AAE}.Release|Any CPU.ActiveCfg = Release|Any CPU
		{F1F5F227-5524-4ED4-8A92-04B677EB5AAE}.Release|Any CPU.Build.0 = Release|Any CPU
		{A167E2AF-6D7B-40FA-8172-40E2BDAA1B8C}.Debug|Any CPU.ActiveCfg = Debug|Any CPU
		{A167E2AF-6D7B-40FA-8172-40E2BDAA1B8C}.Debug|Any CPU.Build.0 = Debug|Any CPU
		{A167E2AF-6D7B-40FA-8172-40E2BDAA1B8C}.Release|Any CPU.ActiveCfg = Release|Any CPU
		{A167E2AF-6D7B-40FA-8172-40E2BDAA1B8C}.Release|Any CPU.Build.0 = Release|Any CPU
	EndGlobalSection
	GlobalSection(SolutionProperties) = preSolution
		HideSolutionNode = FALSE
	EndGlobalSection
	GlobalSection(ExtensibilityGlobals) = postSolution
		SolutionGuid = {543B8E9A-A215-417E-B3F8-DD1ED6F9797A}
	EndGlobalSection
EndGlobal
