
Microsoft Visual Studio Solution File, Format Version 12.00
# Visual Studio Version 16
VisualStudioVersion = 16.0.32126.315
MinimumVisualStudioVersion = 10.0.40219.1
Project("{FAE04EC0-301F-11D3-BF4B-00C04F79EFBC}") = "01. Fruit Market", "01. Fruit Market\01. Fruit Market.csproj", "{D017E1B8-47D1-4BAF-8E29-8EA560D7B45E}"
EndProject
Project("{FAE04EC0-301F-11D3-BF4B-00C04F79EFBC}") = "02. Safari", "02. Safari\02. Safari.csproj", "{AFF94B87-1307-4AF8-8931-9D3A636713D7}"
EndProject
Project("{FAE04EC0-301F-11D3-BF4B-00C04F79EFBC}") = "03. Mobile operator", "03. Mobile operator\03. Mobile operator.csproj", "{764B38D1-AD28-4F37-A3F0-2E6BD7634D71}"
EndProject
Project("{FAE04EC0-301F-11D3-BF4B-00C04F79EFBC}") = "04. Tourist Shop", "04. Tourist Shop\04. Tourist Shop.csproj", "{E3237342-EA5E-4604-BBB5-7E5A29AFCD1C}"
EndProject
Project("{FAE04EC0-301F-11D3-BF4B-00C04F79EFBC}") = "05. Division Without Remainder", "05. Division Without Remainder\05. Division Without Remainder.csproj", "{EA7EF1E9-7ACB-445E-931E-48E4F53EB0D6}"
EndProject
Project("{FAE04EC0-301F-11D3-BF4B-00C04F79EFBC}") = "06. Vet Parking", "06. Vet Parking\06. Vet Parking.csproj", "{C5CED0AD-5BE4-4D46-A8AB-625B1B368922}"
EndProject
Global
	GlobalSection(SolutionConfigurationPlatforms) = preSolution
		Debug|Any CPU = Debug|Any CPU
		Release|Any CPU = Release|Any CPU
	EndGlobalSection
	GlobalSection(ProjectConfigurationPlatforms) = postSolution
		{D017E1B8-47D1-4BAF-8E29-8EA560D7B45E}.Debug|Any CPU.ActiveCfg = Debug|Any CPU
		{D017E1B8-47D1-4BAF-8E29-8EA560D7B45E}.Debug|Any CPU.Build.0 = Debug|Any CPU
		{D017E1B8-47D1-4BAF-8E29-8EA560D7B45E}.Release|Any CPU.ActiveCfg = Release|Any CPU
		{D017E1B8-47D1-4BAF-8E29-8EA560D7B45E}.Release|Any CPU.Build.0 = Release|Any CPU
		{AFF94B87-1307-4AF8-8931-9D3A636713D7}.Debug|Any CPU.ActiveCfg = Debug|Any CPU
		{AFF94B87-1307-4AF8-8931-9D3A636713D7}.Debug|Any CPU.Build.0 = Debug|Any CPU
		{AFF94B87-1307-4AF8-8931-9D3A636713D7}.Release|Any CPU.ActiveCfg = Release|Any CPU
		{AFF94B87-1307-4AF8-8931-9D3A636713D7}.Release|Any CPU.Build.0 = Release|Any CPU
		{764B38D1-AD28-4F37-A3F0-2E6BD7634D71}.Debug|Any CPU.ActiveCfg = Debug|Any CPU
		{764B38D1-AD28-4F37-A3F0-2E6BD7634D71}.Debug|Any CPU.Build.0 = Debug|Any CPU
		{764B38D1-AD28-4F37-A3F0-2E6BD7634D71}.Release|Any CPU.ActiveCfg = Release|Any CPU
		{764B38D1-AD28-4F37-A3F0-2E6BD7634D71}.Release|Any CPU.Build.0 = Release|Any CPU
		{E3237342-EA5E-4604-BBB5-7E5A29AFCD1C}.Debug|Any CPU.ActiveCfg = Debug|Any CPU
		{E3237342-EA5E-4604-BBB5-7E5A29AFCD1C}.Debug|Any CPU.Build.0 = Debug|Any CPU
		{E3237342-EA5E-4604-BBB5-7E5A29AFCD1C}.Release|Any CPU.ActiveCfg = Release|Any CPU
		{E3237342-EA5E-4604-BBB5-7E5A29AFCD1C}.Release|Any CPU.Build.0 = Release|Any CPU
		{EA7EF1E9-7ACB-445E-931E-48E4F53EB0D6}.Debug|Any CPU.ActiveCfg = Debug|Any CPU
		{EA7EF1E9-7ACB-445E-931E-48E4F53EB0D6}.Debug|Any CPU.Build.0 = Debug|Any CPU
		{EA7EF1E9-7ACB-445E-931E-48E4F53EB0D6}.Release|Any CPU.ActiveCfg = Release|Any CPU
		{EA7EF1E9-7ACB-445E-931E-48E4F53EB0D6}.Release|Any CPU.Build.0 = Release|Any CPU
		{C5CED0AD-5BE4-4D46-A8AB-625B1B368922}.Debug|Any CPU.ActiveCfg = Debug|Any CPU
		{C5CED0AD-5BE4-4D46-A8AB-625B1B368922}.Debug|Any CPU.Build.0 = Debug|Any CPU
		{C5CED0AD-5BE4-4D46-A8AB-625B1B368922}.Release|Any CPU.ActiveCfg = Release|Any CPU
		{C5CED0AD-5BE4-4D46-A8AB-625B1B368922}.Release|Any CPU.Build.0 = Release|Any CPU
	EndGlobalSection
	GlobalSection(SolutionProperties) = preSolution
		HideSolutionNode = FALSE
	EndGlobalSection
	GlobalSection(ExtensibilityGlobals) = postSolution
		SolutionGuid = {97C6A514-CFEF-4243-AC53-FE47D9F766B7}
	EndGlobalSection
EndGlobal
